
Microsoft Visual Studio Solution File, Format Version 12.00
# Visual Studio Version 16
VisualStudioVersion = 16.0.28803.352
MinimumVisualStudioVersion = 10.0.40219.1
Project("{9A19103F-16F7-4668-BE54-9A1E7A4F7556}") = "TravelistaProject", "TravelistaProject\TravelistaProject.csproj", "{3DA8BB19-030E-4209-9CDF-574FCBE53170}"
EndProject
Project("{9A19103F-16F7-4668-BE54-9A1E7A4F7556}") = "NotificationServices", "NotificationServices\NotificationServices.csproj", "{3836EF9D-E285-49E8-BAE9-64FD04283637}"
EndProject
Project("{9A19103F-16F7-4668-BE54-9A1E7A4F7556}") = "PaymentServices", "PaymentServices\PaymentServices.csproj", "{E090715F-F87D-45A5-AD07-F30CCDB6966E}"
EndProject
Project("{9A19103F-16F7-4668-BE54-9A1E7A4F7556}") = "TransactionServices", "TransactionServices\TransactionServices.csproj", "{A9D33B6E-9C4C-4E67-9CA5-7CC91CA4E1E5}"
EndProject
Project("{9A19103F-16F7-4668-BE54-9A1E7A4F7556}") = "InventoryServices", "InventoryServices\InventoryServices.csproj", "{DEEAD0F1-5B87-4739-A3B1-75575F8C63EE}"
EndProject
Project("{9A19103F-16F7-4668-BE54-9A1E7A4F7556}") = "UserServices", "UserServices\UserServices.csproj", "{086766C4-8D8B-4545-8677-F6AD25ED871F}"
EndProject
Project("{9A19103F-16F7-4668-BE54-9A1E7A4F7556}") = "ActivityServices", "ActivityServices\ActivityServices.csproj", "{35583D50-F91A-4DFB-AA97-5A678708FFFC}"
EndProject
Project("{9A19103F-16F7-4668-BE54-9A1E7A4F7556}") = "HotelServices", "HotelServices\HotelServices.csproj", "{0189F288-EC2E-4B7B-859B-1E6ADF9B515B}"
EndProject
Project("{9A19103F-16F7-4668-BE54-9A1E7A4F7556}") = "FlightServices", "FlightServices\FlightServices.csproj", "{52AB2B8E-32DF-4E28-96A4-C82A7205D6B0}"
EndProject
Global
	GlobalSection(SolutionConfigurationPlatforms) = preSolution
		Debug|Any CPU = Debug|Any CPU
		Release|Any CPU = Release|Any CPU
	EndGlobalSection
	GlobalSection(ProjectConfigurationPlatforms) = postSolution
		{3DA8BB19-030E-4209-9CDF-574FCBE53170}.Debug|Any CPU.ActiveCfg = Debug|Any CPU
		{3DA8BB19-030E-4209-9CDF-574FCBE53170}.Debug|Any CPU.Build.0 = Debug|Any CPU
		{3DA8BB19-030E-4209-9CDF-574FCBE53170}.Release|Any CPU.ActiveCfg = Release|Any CPU
		{3DA8BB19-030E-4209-9CDF-574FCBE53170}.Release|Any CPU.Build.0 = Release|Any CPU
		{3836EF9D-E285-49E8-BAE9-64FD04283637}.Debug|Any CPU.ActiveCfg = Debug|Any CPU
		{3836EF9D-E285-49E8-BAE9-64FD04283637}.Debug|Any CPU.Build.0 = Debug|Any CPU
		{3836EF9D-E285-49E8-BAE9-64FD04283637}.Release|Any CPU.ActiveCfg = Release|Any CPU
		{3836EF9D-E285-49E8-BAE9-64FD04283637}.Release|Any CPU.Build.0 = Release|Any CPU
		{E090715F-F87D-45A5-AD07-F30CCDB6966E}.Debug|Any CPU.ActiveCfg = Debug|Any CPU
		{E090715F-F87D-45A5-AD07-F30CCDB6966E}.Debug|Any CPU.Build.0 = Debug|Any CPU
		{E090715F-F87D-45A5-AD07-F30CCDB6966E}.Release|Any CPU.ActiveCfg = Release|Any CPU
		{E090715F-F87D-45A5-AD07-F30CCDB6966E}.Release|Any CPU.Build.0 = Release|Any CPU
		{A9D33B6E-9C4C-4E67-9CA5-7CC91CA4E1E5}.Debug|Any CPU.ActiveCfg = Debug|Any CPU
		{A9D33B6E-9C4C-4E67-9CA5-7CC91CA4E1E5}.Debug|Any CPU.Build.0 = Debug|Any CPU
		{A9D33B6E-9C4C-4E67-9CA5-7CC91CA4E1E5}.Release|Any CPU.ActiveCfg = Release|Any CPU
		{A9D33B6E-9C4C-4E67-9CA5-7CC91CA4E1E5}.Release|Any CPU.Build.0 = Release|Any CPU
		{DEEAD0F1-5B87-4739-A3B1-75575F8C63EE}.Debug|Any CPU.ActiveCfg = Debug|Any CPU
		{DEEAD0F1-5B87-4739-A3B1-75575F8C63EE}.Debug|Any CPU.Build.0 = Debug|Any CPU
		{DEEAD0F1-5B87-4739-A3B1-75575F8C63EE}.Release|Any CPU.ActiveCfg = Release|Any CPU
		{DEEAD0F1-5B87-4739-A3B1-75575F8C63EE}.Release|Any CPU.Build.0 = Release|Any CPU
		{086766C4-8D8B-4545-8677-F6AD25ED871F}.Debug|Any CPU.ActiveCfg = Debug|Any CPU
		{086766C4-8D8B-4545-8677-F6AD25ED871F}.Debug|Any CPU.Build.0 = Debug|Any CPU
		{086766C4-8D8B-4545-8677-F6AD25ED871F}.Release|Any CPU.ActiveCfg = Release|Any CPU
		{086766C4-8D8B-4545-8677-F6AD25ED871F}.Release|Any CPU.Build.0 = Release|Any CPU
		{35583D50-F91A-4DFB-AA97-5A678708FFFC}.Debug|Any CPU.ActiveCfg = Debug|Any CPU
		{35583D50-F91A-4DFB-AA97-5A678708FFFC}.Debug|Any CPU.Build.0 = Debug|Any CPU
		{35583D50-F91A-4DFB-AA97-5A678708FFFC}.Release|Any CPU.ActiveCfg = Release|Any CPU
		{35583D50-F91A-4DFB-AA97-5A678708FFFC}.Release|Any CPU.Build.0 = Release|Any CPU
		{0189F288-EC2E-4B7B-859B-1E6ADF9B515B}.Debug|Any CPU.ActiveCfg = Debug|Any CPU
		{0189F288-EC2E-4B7B-859B-1E6ADF9B515B}.Debug|Any CPU.Build.0 = Debug|Any CPU
		{0189F288-EC2E-4B7B-859B-1E6ADF9B515B}.Release|Any CPU.ActiveCfg = Release|Any CPU
		{0189F288-EC2E-4B7B-859B-1E6ADF9B515B}.Release|Any CPU.Build.0 = Release|Any CPU
		{52AB2B8E-32DF-4E28-96A4-C82A7205D6B0}.Debug|Any CPU.ActiveCfg = Debug|Any CPU
		{52AB2B8E-32DF-4E28-96A4-C82A7205D6B0}.Debug|Any CPU.Build.0 = Debug|Any CPU
		{52AB2B8E-32DF-4E28-96A4-C82A7205D6B0}.Release|Any CPU.ActiveCfg = Release|Any CPU
		{52AB2B8E-32DF-4E28-96A4-C82A7205D6B0}.Release|Any CPU.Build.0 = Release|Any CPU
	EndGlobalSection
	GlobalSection(SolutionProperties) = preSolution
		HideSolutionNode = FALSE
	EndGlobalSection
	GlobalSection(ExtensibilityGlobals) = postSolution
		SolutionGuid = {39C40929-94E0-49A7-855A-67518B624B72}
	EndGlobalSection
EndGlobal
